// !$*UTF8*$!
{
	archiveVersion = 1;
	classes = {
	};
	objectVersion = 55;
	objects = {

/* Begin PBXBuildFile section */
		3B067FAC27CA0BAB00A8E8E0 /* AppDelegate.swift in Sources */ = {isa = PBXBuildFile; fileRef = 3B067FAB27CA0BAB00A8E8E0 /* AppDelegate.swift */; };
		3B067FAE27CA0BAB00A8E8E0 /* SceneDelegate.swift in Sources */ = {isa = PBXBuildFile; fileRef = 3B067FAD27CA0BAB00A8E8E0 /* SceneDelegate.swift */; };
		3B067FB027CA0BAB00A8E8E0 /* ViewController.swift in Sources */ = {isa = PBXBuildFile; fileRef = 3B067FAF27CA0BAB00A8E8E0 /* ViewController.swift */; };
		3B067FB327CA0BAB00A8E8E0 /* Main.storyboard in Resources */ = {isa = PBXBuildFile; fileRef = 3B067FB127CA0BAB00A8E8E0 /* Main.storyboard */; };
		3B067FB527CA0BAD00A8E8E0 /* Assets.xcassets in Resources */ = {isa = PBXBuildFile; fileRef = 3B067FB427CA0BAD00A8E8E0 /* Assets.xcassets */; };
		3B067FB827CA0BAD00A8E8E0 /* LaunchScreen.storyboard in Resources */ = {isa = PBXBuildFile; fileRef = 3B067FB627CA0BAD00A8E8E0 /* LaunchScreen.storyboard */; };
		3B067FC127CA13A400A8E8E0 /* ToyBiplane.usdz in Resources */ = {isa = PBXBuildFile; fileRef = 3B067FC027CA13A400A8E8E0 /* ToyBiplane.usdz */; };
		3B067FC327CA140200A8E8E0 /* USDZNode.swift in Sources */ = {isa = PBXBuildFile; fileRef = 3B067FC227CA140200A8E8E0 /* USDZNode.swift */; };
		3B067FC527CA5E5E00A8E8E0 /* SceneKitUtils.swift in Sources */ = {isa = PBXBuildFile; fileRef = 3B067FC427CA5E5E00A8E8E0 /* SceneKitUtils.swift */; };
		3BCD20AB27CB506900CEA97D /* NodeTechnique.plist in Resources */ = {isa = PBXBuildFile; fileRef = 3BCD20AA27CB506800CEA97D /* NodeTechnique.plist */; };
		3BCD20AD27CB59FA00CEA97D /* NodeRender.metal in Sources */ = {isa = PBXBuildFile; fileRef = 3BCD20AC27CB59FA00CEA97D /* NodeRender.metal */; };
/* End PBXBuildFile section */

/* Begin PBXFileReference section */
		3B067FA827CA0BAB00A8E8E0 /* SceneKitSample.app */ = {isa = PBXFileReference; explicitFileType = wrapper.application; includeInIndex = 0; path = SceneKitSample.app; sourceTree = BUILT_PRODUCTS_DIR; };
		3B067FAB27CA0BAB00A8E8E0 /* AppDelegate.swift */ = {isa = PBXFileReference; lastKnownFileType = sourcecode.swift; path = AppDelegate.swift; sourceTree = "<group>"; };
		3B067FAD27CA0BAB00A8E8E0 /* SceneDelegate.swift */ = {isa = PBXFileReference; lastKnownFileType = sourcecode.swift; path = SceneDelegate.swift; sourceTree = "<group>"; };
		3B067FAF27CA0BAB00A8E8E0 /* ViewController.swift */ = {isa = PBXFileReference; lastKnownFileType = sourcecode.swift; path = ViewController.swift; sourceTree = "<group>"; };
		3B067FB227CA0BAB00A8E8E0 /* Base */ = {isa = PBXFileReference; lastKnownFileType = file.storyboard; name = Base; path = Base.lproj/Main.storyboard; sourceTree = "<group>"; };
		3B067FB427CA0BAD00A8E8E0 /* Assets.xcassets */ = {isa = PBXFileReference; lastKnownFileType = folder.assetcatalog; path = Assets.xcassets; sourceTree = "<group>"; };
		3B067FB727CA0BAD00A8E8E0 /* Base */ = {isa = PBXFileReference; lastKnownFileType = file.storyboard; name = Base; path = Base.lproj/LaunchScreen.storyboard; sourceTree = "<group>"; };
		3B067FB927CA0BAD00A8E8E0 /* Info.plist */ = {isa = PBXFileReference; lastKnownFileType = text.plist.xml; path = Info.plist; sourceTree = "<group>"; };
		3B067FC027CA13A400A8E8E0 /* ToyBiplane.usdz */ = {isa = PBXFileReference; lastKnownFileType = file.usdz; path = ToyBiplane.usdz; sourceTree = "<group>"; };
		3B067FC227CA140200A8E8E0 /* USDZNode.swift */ = {isa = PBXFileReference; fileEncoding = 4; lastKnownFileType = sourcecode.swift; path = USDZNode.swift; sourceTree = "<group>"; };
		3B067FC427CA5E5E00A8E8E0 /* SceneKitUtils.swift */ = {isa = PBXFileReference; fileEncoding = 4; lastKnownFileType = sourcecode.swift; path = SceneKitUtils.swift; sourceTree = "<group>"; };
		3BCD20AA27CB506800CEA97D /* NodeTechnique.plist */ = {isa = PBXFileReference; fileEncoding = 4; lastKnownFileType = text.plist.xml; path = NodeTechnique.plist; sourceTree = "<group>"; };
		3BCD20AC27CB59FA00CEA97D /* NodeRender.metal */ = {isa = PBXFileReference; fileEncoding = 4; lastKnownFileType = sourcecode.metal; path = NodeRender.metal; sourceTree = "<group>"; };
/* End PBXFileReference section */

/* Begin PBXFrameworksBuildPhase section */
		3B067FA527CA0BAB00A8E8E0 /* Frameworks */ = {
			isa = PBXFrameworksBuildPhase;
			buildActionMask = 2147483647;
			files = (
			);
			runOnlyForDeploymentPostprocessing = 0;
		};
/* End PBXFrameworksBuildPhase section */

/* Begin PBXGroup section */
		3B067F9F27CA0BAB00A8E8E0 = {
			isa = PBXGroup;
			children = (
				3B067FBF27CA138A00A8E8E0 /* usdz */,
				3B067FAA27CA0BAB00A8E8E0 /* SceneKitSample */,
				3B067FA927CA0BAB00A8E8E0 /* Products */,
			);
			sourceTree = "<group>";
		};
		3B067FA927CA0BAB00A8E8E0 /* Products */ = {
			isa = PBXGroup;
			children = (
				3B067FA827CA0BAB00A8E8E0 /* SceneKitSample.app */,
			);
			name = Products;
			sourceTree = "<group>";
		};
		3B067FAA27CA0BAB00A8E8E0 /* SceneKitSample */ = {
			isa = PBXGroup;
			children = (
				3B067FAB27CA0BAB00A8E8E0 /* AppDelegate.swift */,
				3B067FAD27CA0BAB00A8E8E0 /* SceneDelegate.swift */,
				3B067FAF27CA0BAB00A8E8E0 /* ViewController.swift */,
				3B067FC227CA140200A8E8E0 /* USDZNode.swift */,
				3B067FC427CA5E5E00A8E8E0 /* SceneKitUtils.swift */,
				3BCD20AC27CB59FA00CEA97D /* NodeRender.metal */,
				3B067FB127CA0BAB00A8E8E0 /* Main.storyboard */,
				3B067FB427CA0BAD00A8E8E0 /* Assets.xcassets */,
				3B067FB627CA0BAD00A8E8E0 /* LaunchScreen.storyboard */,
				3B067FB927CA0BAD00A8E8E0 /* Info.plist */,
				3BCD20AA27CB506800CEA97D /* NodeTechnique.plist */,
			);
			path = SceneKitSample;
			sourceTree = "<group>";
		};
		3B067FBF27CA138A00A8E8E0 /* usdz */ = {
			isa = PBXGroup;
			children = (
				3B067FC027CA13A400A8E8E0 /* ToyBiplane.usdz */,
			);
			path = usdz;
			sourceTree = "<group>";
		};
/* End PBXGroup section */

/* Begin PBXNativeTarget section */
		3B067FA727CA0BAB00A8E8E0 /* SceneKitSample */ = {
			isa = PBXNativeTarget;
			buildConfigurationList = 3B067FBC27CA0BAD00A8E8E0 /* Build configuration list for PBXNativeTarget "SceneKitSample" */;
			buildPhases = (
				3B067FA427CA0BAB00A8E8E0 /* Sources */,
				3B067FA527CA0BAB00A8E8E0 /* Frameworks */,
				3B067FA627CA0BAB00A8E8E0 /* Resources */,
			);
			buildRules = (
			);
			dependencies = (
			);
			name = SceneKitSample;
			productName = SceneKitSample;
			productReference = 3B067FA827CA0BAB00A8E8E0 /* SceneKitSample.app */;
			productType = "com.apple.product-type.application";
		};
/* End PBXNativeTarget section */

/* Begin PBXProject section */
		3B067FA027CA0BAB00A8E8E0 /* Project object */ = {
			isa = PBXProject;
			attributes = {
				BuildIndependentTargetsInParallel = 1;
				LastSwiftUpdateCheck = 1320;
				LastUpgradeCheck = 1320;
				TargetAttributes = {
					3B067FA727CA0BAB00A8E8E0 = {
						CreatedOnToolsVersion = 13.2.1;
					};
				};
			};
			buildConfigurationList = 3B067FA327CA0BAB00A8E8E0 /* Build configuration list for PBXProject "SceneKitSample" */;
			compatibilityVersion = "Xcode 13.0";
			developmentRegion = en;
			hasScannedForEncodings = 0;
			knownRegions = (
				en,
				Base,
			);
			mainGroup = 3B067F9F27CA0BAB00A8E8E0;
			productRefGroup = 3B067FA927CA0BAB00A8E8E0 /* Products */;
			projectDirPath = "";
			projectRoot = "";
			targets = (
				3B067FA727CA0BAB00A8E8E0 /* SceneKitSample */,
			);
		};
/* End PBXProject section */

/* Begin PBXResourcesBuildPhase section */
		3B067FA627CA0BAB00A8E8E0 /* Resources */ = {
			isa = PBXResourcesBuildPhase;
			buildActionMask = 2147483647;
			files = (
				3BCD20AB27CB506900CEA97D /* NodeTechnique.plist in Resources */,
				3B067FB827CA0BAD00A8E8E0 /* LaunchScreen.storyboard in Resources */,
				3B067FB527CA0BAD00A8E8E0 /* Assets.xcassets in Resources */,
				3B067FC127CA13A400A8E8E0 /* ToyBiplane.usdz in Resources */,
				3B067FB327CA0BAB00A8E8E0 /* Main.storyboard in Resources */,
			);
			runOnlyForDeploymentPostprocessing = 0;
		};
/* End PBXResourcesBuildPhase section */

/* Begin PBXSourcesBuildPhase section */
		3B067FA427CA0BAB00A8E8E0 /* Sources */ = {
			isa = PBXSourcesBuildPhase;
			buildActionMask = 2147483647;
			files = (
				3B067FB027CA0BAB00A8E8E0 /* ViewController.swift in Sources */,
				3B067FC527CA5E5E00A8E8E0 /* SceneKitUtils.swift in Sources */,
				3B067FC327CA140200A8E8E0 /* USDZNode.swift in Sources */,
				3B067FAC27CA0BAB00A8E8E0 /* AppDelegate.swift in Sources */,
				3B067FAE27CA0BAB00A8E8E0 /* SceneDelegate.swift in Sources */,
				3BCD20AD27CB59FA00CEA97D /* NodeRender.metal in Sources */,
			);
			runOnlyForDeploymentPostprocessing = 0;
		};
/* End PBXSourcesBuildPhase section */

/* Begin PBXVariantGroup section */
		3B067FB127CA0BAB00A8E8E0 /* Main.storyboard */ = {
			isa = PBXVariantGroup;
			children = (
				3B067FB227CA0BAB00A8E8E0 /* Base */,
			);
			name = Main.storyboard;
			sourceTree = "<group>";
		};
		3B067FB627CA0BAD00A8E8E0 /* LaunchScreen.storyboard */ = {
			isa = PBXVariantGroup;
			children = (
				3B067FB727CA0BAD00A8E8E0 /* Base */,
			);
			name = LaunchScreen.storyboard;
			sourceTree = "<group>";
		};
/* End PBXVariantGroup section */

/* Begin XCBuildConfiguration section */
		3B067FBA27CA0BAD00A8E8E0 /* Debug */ = {
			isa = XCBuildConfiguration;
			buildSettings = {
				ALWAYS_SEARCH_USER_PATHS = NO;
				CLANG_ANALYZER_NONNULL = YES;
				CLANG_ANALYZER_NUMBER_OBJECT_CONVERSION = YES_AGGRESSIVE;
				CLANG_CXX_LANGUAGE_STANDARD = "gnu++17";
				CLANG_CXX_LIBRARY = "libc++";
				CLANG_ENABLE_MODULES = YES;
				CLANG_ENABLE_OBJC_ARC = YES;
				CLANG_ENABLE_OBJC_WEAK = YES;
				CLANG_WARN_BLOCK_CAPTURE_AUTORELEASING = YES;
				CLANG_WARN_BOOL_CONVERSION = YES;
				CLANG_WARN_COMMA = YES;
				CLANG_WARN_CONSTANT_CONVERSION = YES;
				CLANG_WARN_DEPRECATED_OBJC_IMPLEMENTATIONS = YES;
				CLANG_WARN_DIRECT_OBJC_ISA_USAGE = YES_ERROR;
				CLANG_WARN_DOCUMENTATION_COMMENTS = YES;
				CLANG_WARN_EMPTY_BODY = YES;
				CLANG_WARN_ENUM_CONVERSION = YES;
				CLANG_WARN_INFINITE_RECURSION = YES;
				CLANG_WARN_INT_CONVERSION = YES;
				CLANG_WARN_NON_LITERAL_NULL_CONVERSION = YES;
				CLANG_WARN_OBJC_IMPLICIT_RETAIN_SELF = YES;
				CLANG_WARN_OBJC_LITERAL_CONVERSION = YES;
				CLANG_WARN_OBJC_ROOT_CLASS = YES_ERROR;
				CLANG_WARN_QUOTED_INCLUDE_IN_FRAMEWORK_HEADER = YES;
				CLANG_WARN_RANGE_LOOP_ANALYSIS = YES;
				CLANG_WARN_STRICT_PROTOTYPES = YES;
				CLANG_WARN_SUSPICIOUS_MOVE = YES;
				CLANG_WARN_UNGUARDED_AVAILABILITY = YES_AGGRESSIVE;
				CLANG_WARN_UNREACHABLE_CODE = YES;
				CLANG_WARN__DUPLICATE_METHOD_MATCH = YES;
				COPY_PHASE_STRIP = NO;
				DEBUG_INFORMATION_FORMAT = dwarf;
				ENABLE_STRICT_OBJC_MSGSEND = YES;
				ENABLE_TESTABILITY = YES;
				GCC_C_LANGUAGE_STANDARD = gnu11;
				GCC_DYNAMIC_NO_PIC = NO;
				GCC_NO_COMMON_BLOCKS = YES;
				GCC_OPTIMIZATION_LEVEL = 0;
				GCC_PREPROCESSOR_DEFINITIONS = (
					"DEBUG=1",
					"$(inherited)",
				);
				GCC_WARN_64_TO_32_BIT_CONVERSION = YES;
				GCC_WARN_ABOUT_RETURN_TYPE = YES_ERROR;
				GCC_WARN_UNDECLARED_SELECTOR = YES;
				GCC_WARN_UNINITIALIZED_AUTOS = YES_AGGRESSIVE;
				GCC_WARN_UNUSED_FUNCTION = YES;
				GCC_WARN_UNUSED_VARIABLE = YES;
				IPHONEOS_DEPLOYMENT_TARGET = 15.2;
				MTL_ENABLE_DEBUG_INFO = INCLUDE_SOURCE;
				MTL_FAST_MATH = YES;
				ONLY_ACTIVE_ARCH = YES;
				SDKROOT = iphoneos;
				SWIFT_ACTIVE_COMPILATION_CONDITIONS = DEBUG;
				SWIFT_OPTIMIZATION_LEVEL = "-Onone";
			};
			name = Debug;
		};
		3B067FBB27CA0BAD00A8E8E0 /* Release */ = {
			isa = XCBuildConfiguration;
			buildSettings = {
				ALWAYS_SEARCH_USER_PATHS = NO;
				CLANG_ANALYZER_NONNULL = YES;
				CLANG_ANALYZER_NUMBER_OBJECT_CONVERSION = YES_AGGRESSIVE;
				CLANG_CXX_LANGUAGE_STANDARD = "gnu++17";
				CLANG_CXX_LIBRARY = "libc++";
				CLANG_ENABLE_MODULES = YES;
				CLANG_ENABLE_OBJC_ARC = YES;
				CLANG_ENABLE_OBJC_WEAK = YES;
				CLANG_WARN_BLOCK_CAPTURE_AUTORELEASING = YES;
				CLANG_WARN_BOOL_CONVERSION = YES;
				CLANG_WARN_COMMA = YES;
				CLANG_WARN_CONSTANT_CONVERSION = YES;
				CLANG_WARN_DEPRECATED_OBJC_IMPLEMENTATIONS = YES;
				CLANG_WARN_DIRECT_OBJC_ISA_USAGE = YES_ERROR;
				CLANG_WARN_DOCUMENTATION_COMMENTS = YES;
				CLANG_WARN_EMPTY_BODY = YES;
				CLANG_WARN_ENUM_CONVERSION = YES;
				CLANG_WARN_INFINITE_RECURSION = YES;
				CLANG_WARN_INT_CONVERSION = YES;
				CLANG_WARN_NON_LITERAL_NULL_CONVERSION = YES;
				CLANG_WARN_OBJC_IMPLICIT_RETAIN_SELF = YES;
				CLANG_WARN_OBJC_LITERAL_CONVERSION = YES;
				CLANG_WARN_OBJC_ROOT_CLASS = YES_ERROR;
				CLANG_WARN_QUOTED_INCLUDE_IN_FRAMEWORK_HEADER = YES;
				CLANG_WARN_RANGE_LOOP_ANALYSIS = YES;
				CLANG_WARN_STRICT_PROTOTYPES = YES;
				CLANG_WARN_SUSPICIOUS_MOVE = YES;
				CLANG_WARN_UNGUARDED_AVAILABILITY = YES_AGGRESSIVE;
				CLANG_WARN_UNREACHABLE_CODE = YES;
				CLANG_WARN__DUPLICATE_METHOD_MATCH = YES;
				COPY_PHASE_STRIP = NO;
				DEBUG_INFORMATION_FORMAT = "dwarf-with-dsym";
				ENABLE_NS_ASSERTIONS = NO;
				ENABLE_STRICT_OBJC_MSGSEND = YES;
				GCC_C_LANGUAGE_STANDARD = gnu11;
				GCC_NO_COMMON_BLOCKS = YES;
				GCC_WARN_64_TO_32_BIT_CONVERSION = YES;
				GCC_WARN_ABOUT_RETURN_TYPE = YES_ERROR;
				GCC_WARN_UNDECLARED_SELECTOR = YES;
				GCC_WARN_UNINITIALIZED_AUTOS = YES_AGGRESSIVE;
				GCC_WARN_UNUSED_FUNCTION = YES;
				GCC_WARN_UNUSED_VARIABLE = YES;
				IPHONEOS_DEPLOYMENT_TARGET = 15.2;
				MTL_ENABLE_DEBUG_INFO = NO;
				MTL_FAST_MATH = YES;
				SDKROOT = iphoneos;
				SWIFT_COMPILATION_MODE = wholemodule;
				SWIFT_OPTIMIZATION_LEVEL = "-O";
				VALIDATE_PRODUCT = YES;
			};
			name = Release;
		};
		3B067FBD27CA0BAD00A8E8E0 /* Debug */ = {
			isa = XCBuildConfiguration;
			buildSettings = {
				ASSETCATALOG_COMPILER_APPICON_NAME = AppIcon;
				ASSETCATALOG_COMPILER_GLOBAL_ACCENT_COLOR_NAME = AccentColor;
				CODE_SIGN_STYLE = Automatic;
				CURRENT_PROJECT_VERSION = 1;
				GENERATE_INFOPLIST_FILE = YES;
				INFOPLIST_FILE = SceneKitSample/Info.plist;
				INFOPLIST_KEY_UIApplicationSupportsIndirectInputEvents = YES;
				INFOPLIST_KEY_UILaunchStoryboardName = LaunchScreen;
				INFOPLIST_KEY_UIMainStoryboardFile = Main;
				INFOPLIST_KEY_UISupportedInterfaceOrientations_iPad = "UIInterfaceOrientationPortrait UIInterfaceOrientationPortraitUpsideDown UIInterfaceOrientationLandscapeLeft UIInterfaceOrientationLandscapeRight";
				INFOPLIST_KEY_UISupportedInterfaceOrientations_iPhone = "UIInterfaceOrientationPortrait UIInterfaceOrientationLandscapeLeft UIInterfaceOrientationLandscapeRight";
				LD_RUNPATH_SEARCH_PATHS = (
					"$(inherited)",
					"@executable_path/Frameworks",
				);
				MARKETING_VERSION = 1.0;
				PRODUCT_BUNDLE_IDENTIFIER = com.example.SceneKitSample;
				PRODUCT_NAME = "$(TARGET_NAME)";
				SWIFT_EMIT_LOC_STRINGS = YES;
				SWIFT_VERSION = 5.0;
				TARGETED_DEVICE_FAMILY = "1,2";
			};
			name = Debug;
		};
		3B067FBE27CA0BAD00A8E8E0 /* Release */ = {
			isa = XCBuildConfiguration;
			buildSettings = {
				ASSETCATALOG_COMPILER_APPICON_NAME = AppIcon;
				ASSETCATALOG_COMPILER_GLOBAL_ACCENT_COLOR_NAME = AccentColor;
				CODE_SIGN_STYLE = Automatic;
				CURRENT_PROJECT_VERSION = 1;
				GENERATE_INFOPLIST_FILE = YES;
				INFOPLIST_FILE = SceneKitSample/Info.plist;
				INFOPLIST_KEY_UIApplicationSupportsIndirectInputEvents = YES;
				INFOPLIST_KEY_UILaunchStoryboardName = LaunchScreen;
				INFOPLIST_KEY_UIMainStoryboardFile = Main;
				INFOPLIST_KEY_UISupportedInterfaceOrientations_iPad = "UIInterfaceOrientationPortrait UIInterfaceOrientationPortraitUpsideDown UIInterfaceOrientationLandscapeLeft UIInterfaceOrientationLandscapeRight";
				INFOPLIST_KEY_UISupportedInterfaceOrientations_iPhone = "UIInterfaceOrientationPortrait UIInterfaceOrientationLandscapeLeft UIInterfaceOrientationLandscapeRight";
				LD_RUNPATH_SEARCH_PATHS = (
					"$(inherited)",
					"@executable_path/Frameworks",
				);
				MARKETING_VERSION = 1.0;
				PRODUCT_BUNDLE_IDENTIFIER = com.example.SceneKitSample;
				PRODUCT_NAME = "$(TARGET_NAME)";
				SWIFT_EMIT_LOC_STRINGS = YES;
				SWIFT_VERSION = 5.0;
				TARGETED_DEVICE_FAMILY = "1,2";
			};
			name = Release;
		};
/* End XCBuildConfiguration section */

/* Begin XCConfigurationList section */
		3B067FA327CA0BAB00A8E8E0 /* Build configuration list for PBXProject "SceneKitSample" */ = {
			isa = XCConfigurationList;
			buildConfigurations = (
				3B067FBA27CA0BAD00A8E8E0 /* Debug */,
				3B067FBB27CA0BAD00A8E8E0 /* Release */,
			);
			defaultConfigurationIsVisible = 0;
			defaultConfigurationName = Release;
		};
		3B067FBC27CA0BAD00A8E8E0 /* Build configuration list for PBXNativeTarget "SceneKitSample" */ = {
			isa = XCConfigurationList;
			buildConfigurations = (
				3B067FBD27CA0BAD00A8E8E0 /* Debug */,
				3B067FBE27CA0BAD00A8E8E0 /* Release */,
			);
			defaultConfigurationIsVisible = 0;
			defaultConfigurationName = Release;
		};
/* End XCConfigurationList section */
	};
	rootObject = 3B067FA027CA0BAB00A8E8E0 /* Project object */;
}
